<?xml version="1.0" encoding="utf-8"?>
<Project ToolsVersion="4.0" xmlns="http://schemas.microsoft.com/developer/msbuild/2003">
  <ItemGroup>
    <Filter Include="Archivos de recursos">
      <UniqueIdentifier>{67DA6AB6-F800-4c08-8B7A-83BB121AAD01}</UniqueIdentifier>
      <Extensions>rc;ico;cur;bmp;dlg;rc2;rct;bin;rgs;gif;jpg;jpeg;jpe;resx;tiff;tif;png;wav;mfcribbon-ms</Extensions>
    </Filter>
  </ItemGroup>
  <ItemGroup>
    <ClCompile Include="src\Ship\ship.cpp" />
    <ClCompile Include="src\main.cpp" />
    <ClCompile Include="src\Asteroids\asteroids.cpp" />
    <ClCompile Include="src\Bullets\bullets.cpp" />
    <ClCompile Include="src\Utilities\utilities.cpp" />
    <ClCompile Include="src\Game\collisionManager.cpp" />
    <ClCompile Include="src\Game\menu.cpp" />
    <ClCompile Include="src\Game\game.cpp" />
    <ClCompile Include="src\Player\player.cpp" />
    <ClCompile Include="src\Game\gameplay.cpp" />
    <ClCompile Include="src\Game\printer.cpp" />
    <ClCompile Include="src\Sound\sound.cpp" />
    <ClCompile Include="src\Game\credits.cpp" />
    <ClCompile Include="src\Game\rules.cpp" />
  </ItemGroup>
  <ItemGroup>
    <ClInclude Include="src\Ship\ship.h" />
    <ClInclude Include="src\Asteroids\asteroids.h" />
    <ClInclude Include="src\Bullets\bullets.h" />
    <ClInclude Include="src\Utilities\utilities.h" />
    <ClInclude Include="src\Game\collisionManager.h" />
    <ClInclude Include="src\Game\menu.h" />
    <ClInclude Include="src\Game\game.h" />
    <ClInclude Include="src\Player\player.h" />
    <ClInclude Include="src\Game\gameplay.h" />
    <ClInclude Include="src\Game\printer.h" />
    <ClInclude Include="src\Sound\sound.h" />
    <ClInclude Include="src\Game\credits.h" />
    <ClInclude Include="src\Game\rules.h" />
  </ItemGroup>
</Project>